{
  "name": "vuebnb-front",
  "version": "1.0.0",
  "lockfileVersion": 2,
  "requires": true,
  "packages": {
    "": {
      "name": "vuebnb-front",
      "version": "1.0.0",
      "license": "ISC",
      "dependencies": {
        "font-awesome": "^4.7.0",
        "open-sans-all": "^0.1.3",
        "vue": "^2.3.0"
      }
    },
    "node_modules/font-awesome": {
      "version": "4.7.0",
      "resolved": "https://registry.npmjs.org/font-awesome/-/font-awesome-4.7.0.tgz",
      "integrity": "sha1-j6jPBBGhoxr9B7BtKQK7n8gVoTM=",
      "engines": {
        "node": ">=0.10.3"
      }
    },
    "node_modules/open-sans-all": {
      "version": "0.1.3",
      "resolved": "https://registry.npmjs.org/open-sans-all/-/open-sans-all-0.1.3.tgz",
      "integrity": "sha512-s+SXADVnog3OSCxQFek6SFi0nfn4pEyNaZe6iE/cUSA8VempZ1AHGRz0oe8eN8sA4HgVdoTikQinqHS/P+8fRw=="
    },
    "node_modules/vue": {
      "version": "2.6.14",
      "resolved": "https://registry.npmjs.org/vue/-/vue-2.6.14.tgz",
      "integrity": "sha512-x2284lgYvjOMj3Za7kqzRcUSxBboHqtgRE2zlos1qWaOye5yUmHn42LB1250NJBLRwEcdrB0JRwyPTEPhfQjiQ=="
    }
  },
  "dependencies": {
    "font-awesome": {
      "version": "4.7.0",
      "resolved": "https://registry.npmjs.org/font-awesome/-/font-awesome-4.7.0.tgz",
      "integrity": "sha1-j6jPBBGhoxr9B7BtKQK7n8gVoTM="
    },
    "open-sans-all": {
      "version": "0.1.3",
      "resolved": "https://registry.npmjs.org/open-sans-all/-/open-sans-all-0.1.3.tgz",
      "integrity": "sha512-s+SXADVnog3OSCxQFek6SFi0nfn4pEyNaZe6iE/cUSA8VempZ1AHGRz0oe8eN8sA4HgVdoTikQinqHS/P+8fRw=="
    },
    "vue": {
      "version": "2.6.14",
      "resolved": "https://registry.npmjs.org/vue/-/vue-2.6.14.tgz",
      "integrity": "sha512-x2284lgYvjOMj3Za7kqzRcUSxBboHqtgRE2zlos1qWaOye5yUmHn42LB1250NJBLRwEcdrB0JRwyPTEPhfQjiQ=="
    }
  }
}
